# This file was autogenerated by Stack.
# You should not edit this file by hand.
# For more information, please see the documentation at:
#   https://docs.haskellstack.org/en/stable/lock_files

snapshots:
- original: lts-17.9
  completed:
    sha256: d7d8d5106e53d1669964bd8bd2b0f88a5ad192d772f5376384b76738fd992311
    url: https://raw.githubusercontent.com/commercialhaskell/stackage-snapshots/master/lts/17/9.yaml
    size: 567037
packages:
- original:
    hackage: currency-codes-3.0.0.1@sha256:a4b24669dd91e805b11d9eb267becd0ba6d726927e535e03d5f3f368f44c1cf4,2902
  completed:
    pantry-tree:
      sha256: 9802924b7472c67d93312eedbbb49ab250b9651101b27668133b9f5d15dbca78
      size: 548
    hackage: currency-codes-3.0.0.1@sha256:a4b24669dd91e805b11d9eb267becd0ba6d726927e535e03d5f3f368f44c1cf4,2902
